
Microsoft Visual Studio Solution File, Format Version 12.00
# Visual Studio Version 17
VisualStudioVersion = 17.5.33424.131
MinimumVisualStudioVersion = 10.0.40219.1
Project("{9A19103F-16F7-4668-BE54-9A1E7A4F7556}") = "RegistroAportes.Server", "Server\RegistroAportes.Server.csproj", "{A7947D8C-50F1-46BC-A2A8-86A1E07B8377}"
EndProject
Project("{9A19103F-16F7-4668-BE54-9A1E7A4F7556}") = "RegistroAportes.Client", "Client\RegistroAportes.Client.csproj", "{E73C264D-BBA8-4180-9B15-5A2DEC965ACB}"
EndProject
Project("{9A19103F-16F7-4668-BE54-9A1E7A4F7556}") = "RegistroAportes.Shared", "Shared\RegistroAportes.Shared.csproj", "{655E9E28-DF28-446D-A1D5-B87A92CE35B1}"
EndProject
Project("{2150E333-8FDC-42A3-9474-1A3956D46DE8}") = "Elementos de la solución", "Elementos de la solución", "{3D527F0E-81EE-4D48-932A-535EE72CA33F}"
	ProjectSection(SolutionItems) = preProject
		.gitignore = .gitignore
	EndProjectSection
EndProject
Global
	GlobalSection(SolutionConfigurationPlatforms) = preSolution
		Debug|Any CPU = Debug|Any CPU
		Release|Any CPU = Release|Any CPU
	EndGlobalSection
	GlobalSection(ProjectConfigurationPlatforms) = postSolution
		{A7947D8C-50F1-46BC-A2A8-86A1E07B8377}.Debug|Any CPU.ActiveCfg = Debug|Any CPU
		{A7947D8C-50F1-46BC-A2A8-86A1E07B8377}.Debug|Any CPU.Build.0 = Debug|Any CPU
		{A7947D8C-50F1-46BC-A2A8-86A1E07B8377}.Release|Any CPU.ActiveCfg = Release|Any CPU
		{A7947D8C-50F1-46BC-A2A8-86A1E07B8377}.Release|Any CPU.Build.0 = Release|Any CPU
		{E73C264D-BBA8-4180-9B15-5A2DEC965ACB}.Debug|Any CPU.ActiveCfg = Debug|Any CPU
		{E73C264D-BBA8-4180-9B15-5A2DEC965ACB}.Debug|Any CPU.Build.0 = Debug|Any CPU
		{E73C264D-BBA8-4180-9B15-5A2DEC965ACB}.Release|Any CPU.ActiveCfg = Release|Any CPU
		{E73C264D-BBA8-4180-9B15-5A2DEC965ACB}.Release|Any CPU.Build.0 = Release|Any CPU
		{655E9E28-DF28-446D-A1D5-B87A92CE35B1}.Debug|Any CPU.ActiveCfg = Debug|Any CPU
		{655E9E28-DF28-446D-A1D5-B87A92CE35B1}.Debug|Any CPU.Build.0 = Debug|Any CPU
		{655E9E28-DF28-446D-A1D5-B87A92CE35B1}.Release|Any CPU.ActiveCfg = Release|Any CPU
		{655E9E28-DF28-446D-A1D5-B87A92CE35B1}.Release|Any CPU.Build.0 = Release|Any CPU
	EndGlobalSection
	GlobalSection(SolutionProperties) = preSolution
		HideSolutionNode = FALSE
	EndGlobalSection
	GlobalSection(ExtensibilityGlobals) = postSolution
		SolutionGuid = {91FF4AD7-08BC-4728-B192-DC6BAE0A0207}
	EndGlobalSection
EndGlobal
